
Microsoft Visual Studio Solution File, Format Version 12.00
# Visual Studio Version 17
VisualStudioVersion = 17.1.32228.430
MinimumVisualStudioVersion = 10.0.40219.1
Project("{8BC9CEB8-8B4A-11D0-8D11-00A0C91BC942}") = "LabProject0", "LabProject0\LabProject0.vcxproj", "{09057E73-C729-423C-B640-15B179358612}"
EndProject
Project("{8BC9CEB8-8B4A-11D0-8D11-00A0C91BC942}") = "LabProject1", "LabProject1\LabProject1.vcxproj", "{A36E43B7-526F-4026-9B74-86691FE73798}"
EndProject
Project("{8BC9CEB8-8B4A-11D0-8D11-00A0C91BC942}") = "LabProject2-1", "LabProject2-1\LabProject2-1.vcxproj", "{DC88A9CF-9B2A-4CE5-99CF-9B38A871C79B}"
EndProject
Project("{8BC9CEB8-8B4A-11D0-8D11-00A0C91BC942}") = "LabProject3", "LabProject3\LabProject3.vcxproj", "{0C9DE389-B07A-448A-9F67-A2CF19CF7D9D}"
EndProject
Project("{8BC9CEB8-8B4A-11D0-8D11-00A0C91BC942}") = "LabProject2", "LabProject2\LabProject2.vcxproj", "{98FB1FCF-C7C6-4BC7-9C51-84365FDB6E20}"
EndProject
Project("{8BC9CEB8-8B4A-11D0-8D11-00A0C91BC942}") = "LabProject4", "LabProject4\LabProject4.vcxproj", "{E169C455-438B-42B7-B8E4-A90DBFD4FC1B}"
EndProject
Project("{8BC9CEB8-8B4A-11D0-8D11-00A0C91BC942}") = "LabProject5", "LabProject5\LabProject5.vcxproj", "{CB7653DA-96FF-434D-B93A-D3950D112A90}"
EndProject
Project("{8BC9CEB8-8B4A-11D0-8D11-00A0C91BC942}") = "LabProject5-1", "LabProject5-1\LabProject5-1.vcxproj", "{1B054302-E3BC-4172-8B79-EA2EBAD609DE}"
EndProject
Project("{8BC9CEB8-8B4A-11D0-8D11-00A0C91BC942}") = "LabProject6", "LabProject6\LabProject6.vcxproj", "{56345973-7BBE-4F2C-B93D-75F2465CEBBF}"
EndProject
Global
	GlobalSection(SolutionConfigurationPlatforms) = preSolution
		Debug|x64 = Debug|x64
		Debug|x86 = Debug|x86
		Release|x64 = Release|x64
		Release|x86 = Release|x86
	EndGlobalSection
	GlobalSection(ProjectConfigurationPlatforms) = postSolution
		{09057E73-C729-423C-B640-15B179358612}.Debug|x64.ActiveCfg = Debug|x64
		{09057E73-C729-423C-B640-15B179358612}.Debug|x64.Build.0 = Debug|x64
		{09057E73-C729-423C-B640-15B179358612}.Debug|x86.ActiveCfg = Debug|Win32
		{09057E73-C729-423C-B640-15B179358612}.Debug|x86.Build.0 = Debug|Win32
		{09057E73-C729-423C-B640-15B179358612}.Release|x64.ActiveCfg = Release|x64
		{09057E73-C729-423C-B640-15B179358612}.Release|x64.Build.0 = Release|x64
		{09057E73-C729-423C-B640-15B179358612}.Release|x86.ActiveCfg = Release|Win32
		{09057E73-C729-423C-B640-15B179358612}.Release|x86.Build.0 = Release|Win32
		{A36E43B7-526F-4026-9B74-86691FE73798}.Debug|x64.ActiveCfg = Debug|x64
		{A36E43B7-526F-4026-9B74-86691FE73798}.Debug|x64.Build.0 = Debug|x64
		{A36E43B7-526F-4026-9B74-86691FE73798}.Debug|x86.ActiveCfg = Debug|Win32
		{A36E43B7-526F-4026-9B74-86691FE73798}.Debug|x86.Build.0 = Debug|Win32
		{A36E43B7-526F-4026-9B74-86691FE73798}.Release|x64.ActiveCfg = Release|x64
		{A36E43B7-526F-4026-9B74-86691FE73798}.Release|x64.Build.0 = Release|x64
		{A36E43B7-526F-4026-9B74-86691FE73798}.Release|x86.ActiveCfg = Release|Win32
		{A36E43B7-526F-4026-9B74-86691FE73798}.Release|x86.Build.0 = Release|Win32
		{DC88A9CF-9B2A-4CE5-99CF-9B38A871C79B}.Debug|x64.ActiveCfg = Debug|x64
		{DC88A9CF-9B2A-4CE5-99CF-9B38A871C79B}.Debug|x64.Build.0 = Debug|x64
		{DC88A9CF-9B2A-4CE5-99CF-9B38A871C79B}.Debug|x86.ActiveCfg = Debug|Win32
		{DC88A9CF-9B2A-4CE5-99CF-9B38A871C79B}.Debug|x86.Build.0 = Debug|Win32
		{DC88A9CF-9B2A-4CE5-99CF-9B38A871C79B}.Release|x64.ActiveCfg = Release|x64
		{DC88A9CF-9B2A-4CE5-99CF-9B38A871C79B}.Release|x64.Build.0 = Release|x64
		{DC88A9CF-9B2A-4CE5-99CF-9B38A871C79B}.Release|x86.ActiveCfg = Release|Win32
		{DC88A9CF-9B2A-4CE5-99CF-9B38A871C79B}.Release|x86.Build.0 = Release|Win32
		{0C9DE389-B07A-448A-9F67-A2CF19CF7D9D}.Debug|x64.ActiveCfg = Debug|x64
		{0C9DE389-B07A-448A-9F67-A2CF19CF7D9D}.Debug|x64.Build.0 = Debug|x64
		{0C9DE389-B07A-448A-9F67-A2CF19CF7D9D}.Debug|x86.ActiveCfg = Debug|Win32
		{0C9DE389-B07A-448A-9F67-A2CF19CF7D9D}.Debug|x86.Build.0 = Debug|Win32
		{0C9DE389-B07A-448A-9F67-A2CF19CF7D9D}.Release|x64.ActiveCfg = Release|x64
		{0C9DE389-B07A-448A-9F67-A2CF19CF7D9D}.Release|x64.Build.0 = Release|x64
		{0C9DE389-B07A-448A-9F67-A2CF19CF7D9D}.Release|x86.ActiveCfg = Release|Win32
		{0C9DE389-B07A-448A-9F67-A2CF19CF7D9D}.Release|x86.Build.0 = Release|Win32
		{98FB1FCF-C7C6-4BC7-9C51-84365FDB6E20}.Debug|x64.ActiveCfg = Debug|x64
		{98FB1FCF-C7C6-4BC7-9C51-84365FDB6E20}.Debug|x64.Build.0 = Debug|x64
		{98FB1FCF-C7C6-4BC7-9C51-84365FDB6E20}.Debug|x86.ActiveCfg = Debug|Win32
		{98FB1FCF-C7C6-4BC7-9C51-84365FDB6E20}.Debug|x86.Build.0 = Debug|Win32
		{98FB1FCF-C7C6-4BC7-9C51-84365FDB6E20}.Release|x64.ActiveCfg = Release|x64
		{98FB1FCF-C7C6-4BC7-9C51-84365FDB6E20}.Release|x64.Build.0 = Release|x64
		{98FB1FCF-C7C6-4BC7-9C51-84365FDB6E20}.Release|x86.ActiveCfg = Release|Win32
		{98FB1FCF-C7C6-4BC7-9C51-84365FDB6E20}.Release|x86.Build.0 = Release|Win32
		{E169C455-438B-42B7-B8E4-A90DBFD4FC1B}.Debug|x64.ActiveCfg = Debug|x64
		{E169C455-438B-42B7-B8E4-A90DBFD4FC1B}.Debug|x64.Build.0 = Debug|x64
		{E169C455-438B-42B7-B8E4-A90DBFD4FC1B}.Debug|x86.ActiveCfg = Debug|Win32
		{E169C455-438B-42B7-B8E4-A90DBFD4FC1B}.Debug|x86.Build.0 = Debug|Win32
		{E169C455-438B-42B7-B8E4-A90DBFD4FC1B}.Release|x64.ActiveCfg = Release|x64
		{E169C455-438B-42B7-B8E4-A90DBFD4FC1B}.Release|x64.Build.0 = Release|x64
		{E169C455-438B-42B7-B8E4-A90DBFD4FC1B}.Release|x86.ActiveCfg = Release|Win32
		{E169C455-438B-42B7-B8E4-A90DBFD4FC1B}.Release|x86.Build.0 = Release|Win32
		{CB7653DA-96FF-434D-B93A-D3950D112A90}.Debug|x64.ActiveCfg = Debug|x64
		{CB7653DA-96FF-434D-B93A-D3950D112A90}.Debug|x64.Build.0 = Debug|x64
		{CB7653DA-96FF-434D-B93A-D3950D112A90}.Debug|x86.ActiveCfg = Debug|Win32
		{CB7653DA-96FF-434D-B93A-D3950D112A90}.Debug|x86.Build.0 = Debug|Win32
		{CB7653DA-96FF-434D-B93A-D3950D112A90}.Release|x64.ActiveCfg = Release|x64
		{CB7653DA-96FF-434D-B93A-D3950D112A90}.Release|x64.Build.0 = Release|x64
		{CB7653DA-96FF-434D-B93A-D3950D112A90}.Release|x86.ActiveCfg = Release|Win32
		{CB7653DA-96FF-434D-B93A-D3950D112A90}.Release|x86.Build.0 = Release|Win32
		{1B054302-E3BC-4172-8B79-EA2EBAD609DE}.Debug|x64.ActiveCfg = Debug|x64
		{1B054302-E3BC-4172-8B79-EA2EBAD609DE}.Debug|x64.Build.0 = Debug|x64
		{1B054302-E3BC-4172-8B79-EA2EBAD609DE}.Debug|x86.ActiveCfg = Debug|Win32
		{1B054302-E3BC-4172-8B79-EA2EBAD609DE}.Debug|x86.Build.0 = Debug|Win32
		{1B054302-E3BC-4172-8B79-EA2EBAD609DE}.Release|x64.ActiveCfg = Release|x64
		{1B054302-E3BC-4172-8B79-EA2EBAD609DE}.Release|x64.Build.0 = Release|x64
		{1B054302-E3BC-4172-8B79-EA2EBAD609DE}.Release|x86.ActiveCfg = Release|Win32
		{1B054302-E3BC-4172-8B79-EA2EBAD609DE}.Release|x86.Build.0 = Release|Win32
		{56345973-7BBE-4F2C-B93D-75F2465CEBBF}.Debug|x64.ActiveCfg = Debug|x64
		{56345973-7BBE-4F2C-B93D-75F2465CEBBF}.Debug|x64.Build.0 = Debug|x64
		{56345973-7BBE-4F2C-B93D-75F2465CEBBF}.Debug|x86.ActiveCfg = Debug|Win32
		{56345973-7BBE-4F2C-B93D-75F2465CEBBF}.Debug|x86.Build.0 = Debug|Win32
		{56345973-7BBE-4F2C-B93D-75F2465CEBBF}.Release|x64.ActiveCfg = Release|x64
		{56345973-7BBE-4F2C-B93D-75F2465CEBBF}.Release|x64.Build.0 = Release|x64
		{56345973-7BBE-4F2C-B93D-75F2465CEBBF}.Release|x86.ActiveCfg = Release|Win32
		{56345973-7BBE-4F2C-B93D-75F2465CEBBF}.Release|x86.Build.0 = Release|Win32
	EndGlobalSection
	GlobalSection(SolutionProperties) = preSolution
		HideSolutionNode = FALSE
	EndGlobalSection
	GlobalSection(ExtensibilityGlobals) = postSolution
		SolutionGuid = {F65F11AC-8B34-442D-B5A0-4A4A9CE1AC65}
	EndGlobalSection
EndGlobal
